
Microsoft Visual Studio Solution File, Format Version 12.00
# Visual Studio Version 17
VisualStudioVersion = 17.14.36811.4 d17.14
MinimumVisualStudioVersion = 10.0.40219.1
Project("{FAE04EC0-301F-11D3-BF4B-00C04F79EFBC}") = "SahayaSetu", "SahayaSetu.csproj", "{2E2E60D2-D08F-4453-8D38-515CC7AC5B9F}"
EndProject
Global
	GlobalSection(SolutionConfigurationPlatforms) = preSolution
		Debug|Any CPU = Debug|Any CPU
		Release|Any CPU = Release|Any CPU
	EndGlobalSection
	GlobalSection(ProjectConfigurationPlatforms) = postSolution
		{2E2E60D2-D08F-4453-8D38-515CC7AC5B9F}.Debug|Any CPU.ActiveCfg = Debug|Any CPU
		{2E2E60D2-D08F-4453-8D38-515CC7AC5B9F}.Debug|Any CPU.Build.0 = Debug|Any CPU
		{2E2E60D2-D08F-4453-8D38-515CC7AC5B9F}.Release|Any CPU.ActiveCfg = Release|Any CPU
		{2E2E60D2-D08F-4453-8D38-515CC7AC5B9F}.Release|Any CPU.Build.0 = Release|Any CPU
	EndGlobalSection
	GlobalSection(SolutionProperties) = preSolution
		HideSolutionNode = FALSE
	EndGlobalSection
	GlobalSection(ExtensibilityGlobals) = postSolution
		SolutionGuid = {8E599CED-299E-45BF-89B3-897C8FDBB00F}
	EndGlobalSection
EndGlobal
